// !$*UTF8*$!
{
	archiveVersion = 1;
	classes = {
	};
	objectVersion = 48;
	objects = {

/* Begin PBXBuildFile section */
		5C28E594205AB6A7000C2C28 /* AppDelegate.swift in Sources */ = {isa = PBXBuildFile; fileRef = 5C28E593205AB6A7000C2C28 /* AppDelegate.swift */; };
		5C28E596205AB6A7000C2C28 /* FirstViewController.swift in Sources */ = {isa = PBXBuildFile; fileRef = 5C28E595205AB6A7000C2C28 /* FirstViewController.swift */; };
		5C28E598205AB6A7000C2C28 /* SecondViewController.swift in Sources */ = {isa = PBXBuildFile; fileRef = 5C28E597205AB6A7000C2C28 /* SecondViewController.swift */; };
		5C28E59B205AB6A7000C2C28 /* Main.storyboard in Resources */ = {isa = PBXBuildFile; fileRef = 5C28E599205AB6A7000C2C28 /* Main.storyboard */; };
		5C28E59D205AB6A7000C2C28 /* Assets.xcassets in Resources */ = {isa = PBXBuildFile; fileRef = 5C28E59C205AB6A7000C2C28 /* Assets.xcassets */; };
		5C28E5A0205AB6A7000C2C28 /* LaunchScreen.storyboard in Resources */ = {isa = PBXBuildFile; fileRef = 5C28E59E205AB6A7000C2C28 /* LaunchScreen.storyboard */; };
		5C28E5A9205AB970000C2C28 /* Operation.swift in Sources */ = {isa = PBXBuildFile; fileRef = 5C28E5A8205AB970000C2C28 /* Operation.swift */; };
		5C28E5AB205AB99A000C2C28 /* Query.swift in Sources */ = {isa = PBXBuildFile; fileRef = 5C28E5AA205AB99A000C2C28 /* Query.swift */; };
		5C28E5AD205AB9B1000C2C28 /* GraphQLOperation.swift in Sources */ = {isa = PBXBuildFile; fileRef = 5C28E5AC205AB9B1000C2C28 /* GraphQLOperation.swift */; };
		5C28E5B2205ABC0F000C2C28 /* Dictionary+Extensions.swift in Sources */ = {isa = PBXBuildFile; fileRef = 5C28E5B1205ABC0F000C2C28 /* Dictionary+Extensions.swift */; };
		5C28E5B5205AC6E9000C2C28 /* GithubModels.swift in Sources */ = {isa = PBXBuildFile; fileRef = 5C28E5B4205AC6E9000C2C28 /* GithubModels.swift */; };
		5C28E5B8205AC71A000C2C28 /* GithubQueries.swift in Sources */ = {isa = PBXBuildFile; fileRef = 5C28E5B7205AC71A000C2C28 /* GithubQueries.swift */; };
		5C28E5BF205ACEDC000C2C28 /* Apollo.swift in Sources */ = {isa = PBXBuildFile; fileRef = 5C28E5BE205ACEDC000C2C28 /* Apollo.swift */; };
		5C28E5C3205AD542000C2C28 /* Apollo.framework in Frameworks */ = {isa = PBXBuildFile; fileRef = 5C28E5BB205ACE80000C2C28 /* Apollo.framework */; };
		5C28E5C5205ADE0F000C2C28 /* Repositories.graphql in Resources */ = {isa = PBXBuildFile; fileRef = 5C28E5C4205ADE0F000C2C28 /* Repositories.graphql */; };
		5C28E5C7205ADE7F000C2C28 /* schema.json in Resources */ = {isa = PBXBuildFile; fileRef = 5C28E5C6205ADE7E000C2C28 /* schema.json */; };
		5C88B0A6205AE6A100A27037 /* API.swift in Sources */ = {isa = PBXBuildFile; fileRef = 5C88B0A5205AE6A100A27037 /* API.swift */; };
		5C88B0A9205BFD0B00A27037 /* FragmentConvertible.swift in Sources */ = {isa = PBXBuildFile; fileRef = 5C88B0A8205BFD0B00A27037 /* FragmentConvertible.swift */; };
		5C88B0AB205C020200A27037 /* Fragments.graphql in Resources */ = {isa = PBXBuildFile; fileRef = 5C88B0AA205C020200A27037 /* Fragments.graphql */; };
/* End PBXBuildFile section */

/* Begin PBXFileReference section */
		5C28E590205AB6A7000C2C28 /* ApolloExperiment.app */ = {isa = PBXFileReference; explicitFileType = wrapper.application; includeInIndex = 0; path = ApolloExperiment.app; sourceTree = BUILT_PRODUCTS_DIR; };
		5C28E593205AB6A7000C2C28 /* AppDelegate.swift */ = {isa = PBXFileReference; lastKnownFileType = sourcecode.swift; path = AppDelegate.swift; sourceTree = "<group>"; };
		5C28E595205AB6A7000C2C28 /* FirstViewController.swift */ = {isa = PBXFileReference; lastKnownFileType = sourcecode.swift; path = FirstViewController.swift; sourceTree = "<group>"; };
		5C28E597205AB6A7000C2C28 /* SecondViewController.swift */ = {isa = PBXFileReference; lastKnownFileType = sourcecode.swift; path = SecondViewController.swift; sourceTree = "<group>"; };
		5C28E59A205AB6A7000C2C28 /* Base */ = {isa = PBXFileReference; lastKnownFileType = file.storyboard; name = Base; path = Base.lproj/Main.storyboard; sourceTree = "<group>"; };
		5C28E59C205AB6A7000C2C28 /* Assets.xcassets */ = {isa = PBXFileReference; lastKnownFileType = folder.assetcatalog; path = Assets.xcassets; sourceTree = "<group>"; };
		5C28E59F205AB6A7000C2C28 /* Base */ = {isa = PBXFileReference; lastKnownFileType = file.storyboard; name = Base; path = Base.lproj/LaunchScreen.storyboard; sourceTree = "<group>"; };
		5C28E5A1205AB6A7000C2C28 /* Info.plist */ = {isa = PBXFileReference; lastKnownFileType = text.plist.xml; path = Info.plist; sourceTree = "<group>"; };
		5C28E5A8205AB970000C2C28 /* Operation.swift */ = {isa = PBXFileReference; lastKnownFileType = sourcecode.swift; path = Operation.swift; sourceTree = "<group>"; };
		5C28E5AA205AB99A000C2C28 /* Query.swift */ = {isa = PBXFileReference; lastKnownFileType = sourcecode.swift; path = Query.swift; sourceTree = "<group>"; };
		5C28E5AC205AB9B1000C2C28 /* GraphQLOperation.swift */ = {isa = PBXFileReference; lastKnownFileType = sourcecode.swift; path = GraphQLOperation.swift; sourceTree = "<group>"; };
		5C28E5B1205ABC0F000C2C28 /* Dictionary+Extensions.swift */ = {isa = PBXFileReference; lastKnownFileType = sourcecode.swift; path = "Dictionary+Extensions.swift"; sourceTree = "<group>"; };
		5C28E5B4205AC6E9000C2C28 /* GithubModels.swift */ = {isa = PBXFileReference; lastKnownFileType = sourcecode.swift; path = GithubModels.swift; sourceTree = "<group>"; };
		5C28E5B7205AC71A000C2C28 /* GithubQueries.swift */ = {isa = PBXFileReference; lastKnownFileType = sourcecode.swift; path = GithubQueries.swift; sourceTree = "<group>"; };
		5C28E5BB205ACE80000C2C28 /* Apollo.framework */ = {isa = PBXFileReference; lastKnownFileType = wrapper.framework; name = Apollo.framework; path = Carthage/Build/iOS/Apollo.framework; sourceTree = "<group>"; };
		5C28E5BE205ACEDC000C2C28 /* Apollo.swift */ = {isa = PBXFileReference; lastKnownFileType = sourcecode.swift; path = Apollo.swift; sourceTree = "<group>"; };
		5C28E5C4205ADE0F000C2C28 /* Repositories.graphql */ = {isa = PBXFileReference; lastKnownFileType = text; path = Repositories.graphql; sourceTree = "<group>"; };
		5C28E5C6205ADE7E000C2C28 /* schema.json */ = {isa = PBXFileReference; fileEncoding = 4; lastKnownFileType = text.json; name = schema.json; path = ApolloExperiment/Apollo/schema.json; sourceTree = SOURCE_ROOT; };
		5C88B0A5205AE6A100A27037 /* API.swift */ = {isa = PBXFileReference; fileEncoding = 4; lastKnownFileType = sourcecode.swift; path = API.swift; sourceTree = "<group>"; };
		5C88B0A8205BFD0B00A27037 /* FragmentConvertible.swift */ = {isa = PBXFileReference; lastKnownFileType = sourcecode.swift; path = FragmentConvertible.swift; sourceTree = "<group>"; };
		5C88B0AA205C020200A27037 /* Fragments.graphql */ = {isa = PBXFileReference; lastKnownFileType = text; path = Fragments.graphql; sourceTree = "<group>"; };
/* End PBXFileReference section */

/* Begin PBXFrameworksBuildPhase section */
		5C28E58D205AB6A7000C2C28 /* Frameworks */ = {
			isa = PBXFrameworksBuildPhase;
			buildActionMask = 2147483647;
			files = (
				5C28E5C3205AD542000C2C28 /* Apollo.framework in Frameworks */,
			);
			runOnlyForDeploymentPostprocessing = 0;
		};
/* End PBXFrameworksBuildPhase section */

/* Begin PBXGroup section */
		5C28E587205AB6A7000C2C28 = {
			isa = PBXGroup;
			children = (
				5C28E592205AB6A7000C2C28 /* ApolloExperiment */,
				5C28E591205AB6A7000C2C28 /* Products */,
				5C28E5BA205ACE80000C2C28 /* Frameworks */,
			);
			sourceTree = "<group>";
		};
		5C28E591205AB6A7000C2C28 /* Products */ = {
			isa = PBXGroup;
			children = (
				5C28E590205AB6A7000C2C28 /* ApolloExperiment.app */,
			);
			name = Products;
			sourceTree = "<group>";
		};
		5C28E592205AB6A7000C2C28 /* ApolloExperiment */ = {
			isa = PBXGroup;
			children = (
				5C88B0A7205BFA6E00A27037 /* Protocols */,
				5C28E5BD205ACECF000C2C28 /* Apollo */,
				5C28E5B6205AC70A000C2C28 /* Queries */,
				5C28E5B3205AC6C8000C2C28 /* Models */,
				5C28E5B0205ABBFA000C2C28 /* Extensions */,
				5C28E5A7205AB948000C2C28 /* Networking */,
				5C28E593205AB6A7000C2C28 /* AppDelegate.swift */,
				5C28E595205AB6A7000C2C28 /* FirstViewController.swift */,
				5C88B0AA205C020200A27037 /* Fragments.graphql */,
				5C28E5C4205ADE0F000C2C28 /* Repositories.graphql */,
				5C28E597205AB6A7000C2C28 /* SecondViewController.swift */,
				5C28E599205AB6A7000C2C28 /* Main.storyboard */,
				5C28E59C205AB6A7000C2C28 /* Assets.xcassets */,
				5C28E59E205AB6A7000C2C28 /* LaunchScreen.storyboard */,
				5C28E5A1205AB6A7000C2C28 /* Info.plist */,
			);
			path = ApolloExperiment;
			sourceTree = "<group>";
		};
		5C28E5A7205AB948000C2C28 /* Networking */ = {
			isa = PBXGroup;
			children = (
				5C28E5A8205AB970000C2C28 /* Operation.swift */,
				5C28E5AA205AB99A000C2C28 /* Query.swift */,
				5C28E5AC205AB9B1000C2C28 /* GraphQLOperation.swift */,
			);
			path = Networking;
			sourceTree = "<group>";
		};
		5C28E5B0205ABBFA000C2C28 /* Extensions */ = {
			isa = PBXGroup;
			children = (
				5C28E5B1205ABC0F000C2C28 /* Dictionary+Extensions.swift */,
			);
			path = Extensions;
			sourceTree = "<group>";
		};
		5C28E5B3205AC6C8000C2C28 /* Models */ = {
			isa = PBXGroup;
			children = (
				5C28E5B4205AC6E9000C2C28 /* GithubModels.swift */,
			);
			path = Models;
			sourceTree = "<group>";
		};
		5C28E5B6205AC70A000C2C28 /* Queries */ = {
			isa = PBXGroup;
			children = (
				5C28E5B7205AC71A000C2C28 /* GithubQueries.swift */,
			);
			path = Queries;
			sourceTree = "<group>";
		};
		5C28E5BA205ACE80000C2C28 /* Frameworks */ = {
			isa = PBXGroup;
			children = (
				5C28E5BB205ACE80000C2C28 /* Apollo.framework */,
			);
			name = Frameworks;
			sourceTree = "<group>";
		};
		5C28E5BD205ACECF000C2C28 /* Apollo */ = {
			isa = PBXGroup;
			children = (
				5C28E5BE205ACEDC000C2C28 /* Apollo.swift */,
				5C28E5C6205ADE7E000C2C28 /* schema.json */,
				5C88B0A5205AE6A100A27037 /* API.swift */,
			);
			path = Apollo;
			sourceTree = "<group>";
		};
		5C88B0A7205BFA6E00A27037 /* Protocols */ = {
			isa = PBXGroup;
			children = (
				5C88B0A8205BFD0B00A27037 /* FragmentConvertible.swift */,
			);
			path = Protocols;
			sourceTree = "<group>";
		};
/* End PBXGroup section */

/* Begin PBXNativeTarget section */
		5C28E58F205AB6A7000C2C28 /* ApolloExperiment */ = {
			isa = PBXNativeTarget;
			buildConfigurationList = 5C28E5A4205AB6A7000C2C28 /* Build configuration list for PBXNativeTarget "ApolloExperiment" */;
			buildPhases = (
				5C28E5C0205ACF2D000C2C28 /* Generate Apollo GraphQL API */,
				5C28E58C205AB6A7000C2C28 /* Sources */,
				5C28E58D205AB6A7000C2C28 /* Frameworks */,
				5C28E58E205AB6A7000C2C28 /* Resources */,
				5C28E5B9205ACD20000C2C28 /* ShellScript */,
			);
			buildRules = (
			);
			dependencies = (
			);
			name = ApolloExperiment;
			productName = ApolloExperiment;
			productReference = 5C28E590205AB6A7000C2C28 /* ApolloExperiment.app */;
			productType = "com.apple.product-type.application";
		};
/* End PBXNativeTarget section */

/* Begin PBXProject section */
		5C28E588205AB6A7000C2C28 /* Project object */ = {
			isa = PBXProject;
			attributes = {
				LastSwiftUpdateCheck = 0920;
				LastUpgradeCheck = 0920;
				ORGANIZATIONNAME = "Justin Powell";
				TargetAttributes = {
					5C28E58F205AB6A7000C2C28 = {
						CreatedOnToolsVersion = 9.2;
						ProvisioningStyle = Automatic;
					};
				};
			};
			buildConfigurationList = 5C28E58B205AB6A7000C2C28 /* Build configuration list for PBXProject "ApolloExperiment" */;
			compatibilityVersion = "Xcode 8.0";
			developmentRegion = en;
			hasScannedForEncodings = 0;
			knownRegions = (
				en,
				Base,
			);
			mainGroup = 5C28E587205AB6A7000C2C28;
			productRefGroup = 5C28E591205AB6A7000C2C28 /* Products */;
			projectDirPath = "";
			projectRoot = "";
			targets = (
				5C28E58F205AB6A7000C2C28 /* ApolloExperiment */,
			);
		};
/* End PBXProject section */

/* Begin PBXResourcesBuildPhase section */
		5C28E58E205AB6A7000C2C28 /* Resources */ = {
			isa = PBXResourcesBuildPhase;
			buildActionMask = 2147483647;
			files = (
				5C28E5A0205AB6A7000C2C28 /* LaunchScreen.storyboard in Resources */,
				5C88B0AB205C020200A27037 /* Fragments.graphql in Resources */,
				5C28E5C7205ADE7F000C2C28 /* schema.json in Resources */,
				5C28E5C5205ADE0F000C2C28 /* Repositories.graphql in Resources */,
				5C28E59D205AB6A7000C2C28 /* Assets.xcassets in Resources */,
				5C28E59B205AB6A7000C2C28 /* Main.storyboard in Resources */,
			);
			runOnlyForDeploymentPostprocessing = 0;
		};
/* End PBXResourcesBuildPhase section */

/* Begin PBXShellScriptBuildPhase section */
		5C28E5B9205ACD20000C2C28 /* ShellScript */ = {
			isa = PBXShellScriptBuildPhase;
			buildActionMask = 2147483647;
			files = (
			);
			inputPaths = (
				"$(SRCROOT)/Carthage/Build/iOS/Apollo.framework",
			);
			outputPaths = (
			);
			runOnlyForDeploymentPostprocessing = 0;
			shellPath = /bin/sh;
			shellScript = "/usr/local/bin/carthage copy-frameworks";
		};
		5C28E5C0205ACF2D000C2C28 /* Generate Apollo GraphQL API */ = {
			isa = PBXShellScriptBuildPhase;
			buildActionMask = 2147483647;
			files = (
			);
			inputPaths = (
			);
			name = "Generate Apollo GraphQL API";
			outputPaths = (
			);
			runOnlyForDeploymentPostprocessing = 0;
			shellPath = /bin/sh;
			shellScript = "APOLLO_FRAMEWORK_PATH=\"$(eval find $FRAMEWORK_SEARCH_PATHS -name \"Apollo.framework\" -maxdepth 1)\"\n\nif [ -z \"$APOLLO_FRAMEWORK_PATH\" ]; then\necho \"error: Couldn't find Apollo.framework in FRAMEWORK_SEARCH_PATHS; make sure to add the framework to your project.\"\nexit 1\nfi\n\ncd \"${SRCROOT}/${TARGET_NAME}\"\n$APOLLO_FRAMEWORK_PATH/check-and-run-apollo-codegen.sh generate $(find . -name '*.graphql') --schema Apollo/schema.json --output Apollo/API.swift\n";
		};
/* End PBXShellScriptBuildPhase section */

/* Begin PBXSourcesBuildPhase section */
		5C28E58C205AB6A7000C2C28 /* Sources */ = {
			isa = PBXSourcesBuildPhase;
			buildActionMask = 2147483647;
			files = (
				5C88B0A6205AE6A100A27037 /* API.swift in Sources */,
				5C28E5AB205AB99A000C2C28 /* Query.swift in Sources */,
				5C28E5AD205AB9B1000C2C28 /* GraphQLOperation.swift in Sources */,
				5C28E598205AB6A7000C2C28 /* SecondViewController.swift in Sources */,
				5C28E5B8205AC71A000C2C28 /* GithubQueries.swift in Sources */,
				5C88B0A9205BFD0B00A27037 /* FragmentConvertible.swift in Sources */,
				5C28E5BF205ACEDC000C2C28 /* Apollo.swift in Sources */,
				5C28E5B2205ABC0F000C2C28 /* Dictionary+Extensions.swift in Sources */,
				5C28E5B5205AC6E9000C2C28 /* GithubModels.swift in Sources */,
				5C28E594205AB6A7000C2C28 /* AppDelegate.swift in Sources */,
				5C28E596205AB6A7000C2C28 /* FirstViewController.swift in Sources */,
				5C28E5A9205AB970000C2C28 /* Operation.swift in Sources */,
			);
			runOnlyForDeploymentPostprocessing = 0;
		};
/* End PBXSourcesBuildPhase section */

/* Begin PBXVariantGroup section */
		5C28E599205AB6A7000C2C28 /* Main.storyboard */ = {
			isa = PBXVariantGroup;
			children = (
				5C28E59A205AB6A7000C2C28 /* Base */,
			);
			name = Main.storyboard;
			sourceTree = "<group>";
		};
		5C28E59E205AB6A7000C2C28 /* LaunchScreen.storyboard */ = {
			isa = PBXVariantGroup;
			children = (
				5C28E59F205AB6A7000C2C28 /* Base */,
			);
			name = LaunchScreen.storyboard;
			sourceTree = "<group>";
		};
/* End PBXVariantGroup section */

/* Begin XCBuildConfiguration section */
		5C28E5A2205AB6A7000C2C28 /* Debug */ = {
			isa = XCBuildConfiguration;
			buildSettings = {
				ALWAYS_SEARCH_USER_PATHS = NO;
				CLANG_ANALYZER_NONNULL = YES;
				CLANG_ANALYZER_NUMBER_OBJECT_CONVERSION = YES_AGGRESSIVE;
				CLANG_CXX_LANGUAGE_STANDARD = "gnu++14";
				CLANG_CXX_LIBRARY = "libc++";
				CLANG_ENABLE_MODULES = YES;
				CLANG_ENABLE_OBJC_ARC = YES;
				CLANG_WARN_BLOCK_CAPTURE_AUTORELEASING = YES;
				CLANG_WARN_BOOL_CONVERSION = YES;
				CLANG_WARN_COMMA = YES;
				CLANG_WARN_CONSTANT_CONVERSION = YES;
				CLANG_WARN_DIRECT_OBJC_ISA_USAGE = YES_ERROR;
				CLANG_WARN_DOCUMENTATION_COMMENTS = YES;
				CLANG_WARN_EMPTY_BODY = YES;
				CLANG_WARN_ENUM_CONVERSION = YES;
				CLANG_WARN_INFINITE_RECURSION = YES;
				CLANG_WARN_INT_CONVERSION = YES;
				CLANG_WARN_NON_LITERAL_NULL_CONVERSION = YES;
				CLANG_WARN_OBJC_LITERAL_CONVERSION = YES;
				CLANG_WARN_OBJC_ROOT_CLASS = YES_ERROR;
				CLANG_WARN_RANGE_LOOP_ANALYSIS = YES;
				CLANG_WARN_STRICT_PROTOTYPES = YES;
				CLANG_WARN_SUSPICIOUS_MOVE = YES;
				CLANG_WARN_UNGUARDED_AVAILABILITY = YES_AGGRESSIVE;
				CLANG_WARN_UNREACHABLE_CODE = YES;
				CLANG_WARN__DUPLICATE_METHOD_MATCH = YES;
				CODE_SIGN_IDENTITY = "iPhone Developer";
				COPY_PHASE_STRIP = NO;
				DEBUG_INFORMATION_FORMAT = dwarf;
				ENABLE_STRICT_OBJC_MSGSEND = YES;
				ENABLE_TESTABILITY = YES;
				GCC_C_LANGUAGE_STANDARD = gnu11;
				GCC_DYNAMIC_NO_PIC = NO;
				GCC_NO_COMMON_BLOCKS = YES;
				GCC_OPTIMIZATION_LEVEL = 0;
				GCC_PREPROCESSOR_DEFINITIONS = (
					"DEBUG=1",
					"$(inherited)",
				);
				GCC_WARN_64_TO_32_BIT_CONVERSION = YES;
				GCC_WARN_ABOUT_RETURN_TYPE = YES_ERROR;
				GCC_WARN_UNDECLARED_SELECTOR = YES;
				GCC_WARN_UNINITIALIZED_AUTOS = YES_AGGRESSIVE;
				GCC_WARN_UNUSED_FUNCTION = YES;
				GCC_WARN_UNUSED_VARIABLE = YES;
				IPHONEOS_DEPLOYMENT_TARGET = 11.2;
				MTL_ENABLE_DEBUG_INFO = YES;
				ONLY_ACTIVE_ARCH = YES;
				SDKROOT = iphoneos;
				SWIFT_ACTIVE_COMPILATION_CONDITIONS = DEBUG;
				SWIFT_OPTIMIZATION_LEVEL = "-Onone";
			};
			name = Debug;
		};
		5C28E5A3205AB6A7000C2C28 /* Release */ = {
			isa = XCBuildConfiguration;
			buildSettings = {
				ALWAYS_SEARCH_USER_PATHS = NO;
				CLANG_ANALYZER_NONNULL = YES;
				CLANG_ANALYZER_NUMBER_OBJECT_CONVERSION = YES_AGGRESSIVE;
				CLANG_CXX_LANGUAGE_STANDARD = "gnu++14";
				CLANG_CXX_LIBRARY = "libc++";
				CLANG_ENABLE_MODULES = YES;
				CLANG_ENABLE_OBJC_ARC = YES;
				CLANG_WARN_BLOCK_CAPTURE_AUTORELEASING = YES;
				CLANG_WARN_BOOL_CONVERSION = YES;
				CLANG_WARN_COMMA = YES;
				CLANG_WARN_CONSTANT_CONVERSION = YES;
				CLANG_WARN_DIRECT_OBJC_ISA_USAGE = YES_ERROR;
				CLANG_WARN_DOCUMENTATION_COMMENTS = YES;
				CLANG_WARN_EMPTY_BODY = YES;
				CLANG_WARN_ENUM_CONVERSION = YES;
				CLANG_WARN_INFINITE_RECURSION = YES;
				CLANG_WARN_INT_CONVERSION = YES;
				CLANG_WARN_NON_LITERAL_NULL_CONVERSION = YES;
				CLANG_WARN_OBJC_LITERAL_CONVERSION = YES;
				CLANG_WARN_OBJC_ROOT_CLASS = YES_ERROR;
				CLANG_WARN_RANGE_LOOP_ANALYSIS = YES;
				CLANG_WARN_STRICT_PROTOTYPES = YES;
				CLANG_WARN_SUSPICIOUS_MOVE = YES;
				CLANG_WARN_UNGUARDED_AVAILABILITY = YES_AGGRESSIVE;
				CLANG_WARN_UNREACHABLE_CODE = YES;
				CLANG_WARN__DUPLICATE_METHOD_MATCH = YES;
				CODE_SIGN_IDENTITY = "iPhone Developer";
				COPY_PHASE_STRIP = NO;
				DEBUG_INFORMATION_FORMAT = "dwarf-with-dsym";
				ENABLE_NS_ASSERTIONS = NO;
				ENABLE_STRICT_OBJC_MSGSEND = YES;
				GCC_C_LANGUAGE_STANDARD = gnu11;
				GCC_NO_COMMON_BLOCKS = YES;
				GCC_WARN_64_TO_32_BIT_CONVERSION = YES;
				GCC_WARN_ABOUT_RETURN_TYPE = YES_ERROR;
				GCC_WARN_UNDECLARED_SELECTOR = YES;
				GCC_WARN_UNINITIALIZED_AUTOS = YES_AGGRESSIVE;
				GCC_WARN_UNUSED_FUNCTION = YES;
				GCC_WARN_UNUSED_VARIABLE = YES;
				IPHONEOS_DEPLOYMENT_TARGET = 11.2;
				MTL_ENABLE_DEBUG_INFO = NO;
				SDKROOT = iphoneos;
				SWIFT_OPTIMIZATION_LEVEL = "-Owholemodule";
				VALIDATE_PRODUCT = YES;
			};
			name = Release;
		};
		5C28E5A5205AB6A7000C2C28 /* Debug */ = {
			isa = XCBuildConfiguration;
			buildSettings = {
				ASSETCATALOG_COMPILER_APPICON_NAME = AppIcon;
				CODE_SIGN_STYLE = Automatic;
				DEVELOPMENT_TEAM = H4W46R8JF7;
				FRAMEWORK_SEARCH_PATHS = (
					"$(inherited)",
					"$(PROJECT_DIR)/Carthage/Build/iOS",
				);
				INFOPLIST_FILE = ApolloExperiment/Info.plist;
				LD_RUNPATH_SEARCH_PATHS = "$(inherited) @executable_path/Frameworks";
				PRODUCT_BUNDLE_IDENTIFIER = jrp.ApolloExperiment;
				PRODUCT_NAME = "$(TARGET_NAME)";
				SWIFT_VERSION = 4.0;
				TARGETED_DEVICE_FAMILY = "1,2";
			};
			name = Debug;
		};
		5C28E5A6205AB6A7000C2C28 /* Release */ = {
			isa = XCBuildConfiguration;
			buildSettings = {
				ASSETCATALOG_COMPILER_APPICON_NAME = AppIcon;
				CODE_SIGN_STYLE = Automatic;
				DEVELOPMENT_TEAM = H4W46R8JF7;
				FRAMEWORK_SEARCH_PATHS = (
					"$(inherited)",
					"$(PROJECT_DIR)/Carthage/Build/iOS",
				);
				INFOPLIST_FILE = ApolloExperiment/Info.plist;
				LD_RUNPATH_SEARCH_PATHS = "$(inherited) @executable_path/Frameworks";
				PRODUCT_BUNDLE_IDENTIFIER = jrp.ApolloExperiment;
				PRODUCT_NAME = "$(TARGET_NAME)";
				SWIFT_VERSION = 4.0;
				TARGETED_DEVICE_FAMILY = "1,2";
			};
			name = Release;
		};
/* End XCBuildConfiguration section */

/* Begin XCConfigurationList section */
		5C28E58B205AB6A7000C2C28 /* Build configuration list for PBXProject "ApolloExperiment" */ = {
			isa = XCConfigurationList;
			buildConfigurations = (
				5C28E5A2205AB6A7000C2C28 /* Debug */,
				5C28E5A3205AB6A7000C2C28 /* Release */,
			);
			defaultConfigurationIsVisible = 0;
			defaultConfigurationName = Release;
		};
		5C28E5A4205AB6A7000C2C28 /* Build configuration list for PBXNativeTarget "ApolloExperiment" */ = {
			isa = XCConfigurationList;
			buildConfigurations = (
				5C28E5A5205AB6A7000C2C28 /* Debug */,
				5C28E5A6205AB6A7000C2C28 /* Release */,
			);
			defaultConfigurationIsVisible = 0;
			defaultConfigurationName = Release;
		};
/* End XCConfigurationList section */
	};
	rootObject = 5C28E588205AB6A7000C2C28 /* Project object */;
}
